
Microsoft Visual Studio Solution File, Format Version 12.00
# Visual Studio Version 16
VisualStudioVersion = 16.0.28729.10
MinimumVisualStudioVersion = 10.0.40219.1
Project("{9A19103F-16F7-4668-BE54-9A1E7A4F7556}") = "DotNetHelper-IO", "src\DotNetHelper-IO.csproj", "{E2AB416F-7361-4890-B0D2-46F68C1F222D}"
EndProject
Project("{FAE04EC0-301F-11D3-BF4B-00C04F79EFBC}") = "DotNetHelper-IO-Tests", "tests\DotNetHelper-IO-Tests\DotNetHelper-IO-Tests.csproj", "{5E32C120-8480-4764-911F-3311FD0BA8BA}"
EndProject
Global
	GlobalSection(SolutionConfigurationPlatforms) = preSolution
		Debug|Any CPU = Debug|Any CPU
		Release|Any CPU = Release|Any CPU
	EndGlobalSection
	GlobalSection(ProjectConfigurationPlatforms) = postSolution
		{E2AB416F-7361-4890-B0D2-46F68C1F222D}.Debug|Any CPU.ActiveCfg = Debug|Any CPU
		{E2AB416F-7361-4890-B0D2-46F68C1F222D}.Debug|Any CPU.Build.0 = Debug|Any CPU
		{E2AB416F-7361-4890-B0D2-46F68C1F222D}.Release|Any CPU.ActiveCfg = Release|Any CPU
		{E2AB416F-7361-4890-B0D2-46F68C1F222D}.Release|Any CPU.Build.0 = Release|Any CPU
		{5E32C120-8480-4764-911F-3311FD0BA8BA}.Debug|Any CPU.ActiveCfg = Debug|Any CPU
		{5E32C120-8480-4764-911F-3311FD0BA8BA}.Debug|Any CPU.Build.0 = Debug|Any CPU
		{5E32C120-8480-4764-911F-3311FD0BA8BA}.Release|Any CPU.ActiveCfg = Release|Any CPU
		{5E32C120-8480-4764-911F-3311FD0BA8BA}.Release|Any CPU.Build.0 = Release|Any CPU
	EndGlobalSection
	GlobalSection(SolutionProperties) = preSolution
		HideSolutionNode = FALSE
	EndGlobalSection
	GlobalSection(ExtensibilityGlobals) = postSolution
		SolutionGuid = {C9B49BFD-7295-41B5-BB64-E0D2C97D533D}
	EndGlobalSection
EndGlobal
