
Microsoft Visual Studio Solution File, Format Version 12.00
# Visual Studio Version 16
VisualStudioVersion = 16.0.28729.10
MinimumVisualStudioVersion = 10.0.40219.1
Project("{9A19103F-16F7-4668-BE54-9A1E7A4F7556}") = "DotNetHelper-IO-Tests", "tests\DotNetHelper-IO-Tests\DotNetHelper-IO-Tests.csproj", "{5E32C120-8480-4764-911F-3311FD0BA8BA}"
EndProject
Project("{9A19103F-16F7-4668-BE54-9A1E7A4F7556}") = "DotNetHelper-IO", "src\DotNetHelper-IO\DotNetHelper-IO.csproj", "{EBB67AC6-4A0D-4880-B3E2-A051A2C8F3F8}"
EndProject
Project("{9A19103F-16F7-4668-BE54-9A1E7A4F7556}") = "DotNetHelper-IO-Console", "samples\DotNetHelper-IO-Console\DotNetHelper-IO-Console.csproj", "{3AB7E159-BF7A-4A45-8DC9-B5DF325DFAE1}"
EndProject
Global
	GlobalSection(SolutionConfigurationPlatforms) = preSolution
		Debug|Any CPU = Debug|Any CPU
		Release|Any CPU = Release|Any CPU
	EndGlobalSection
	GlobalSection(ProjectConfigurationPlatforms) = postSolution
		{5E32C120-8480-4764-911F-3311FD0BA8BA}.Debug|Any CPU.ActiveCfg = Debug|Any CPU
		{5E32C120-8480-4764-911F-3311FD0BA8BA}.Debug|Any CPU.Build.0 = Debug|Any CPU
		{5E32C120-8480-4764-911F-3311FD0BA8BA}.Release|Any CPU.ActiveCfg = Release|Any CPU
		{5E32C120-8480-4764-911F-3311FD0BA8BA}.Release|Any CPU.Build.0 = Release|Any CPU
		{EBB67AC6-4A0D-4880-B3E2-A051A2C8F3F8}.Debug|Any CPU.ActiveCfg = Debug|Any CPU
		{EBB67AC6-4A0D-4880-B3E2-A051A2C8F3F8}.Debug|Any CPU.Build.0 = Debug|Any CPU
		{EBB67AC6-4A0D-4880-B3E2-A051A2C8F3F8}.Release|Any CPU.ActiveCfg = Release|Any CPU
		{EBB67AC6-4A0D-4880-B3E2-A051A2C8F3F8}.Release|Any CPU.Build.0 = Release|Any CPU
		{3AB7E159-BF7A-4A45-8DC9-B5DF325DFAE1}.Debug|Any CPU.ActiveCfg = Debug|Any CPU
		{3AB7E159-BF7A-4A45-8DC9-B5DF325DFAE1}.Debug|Any CPU.Build.0 = Debug|Any CPU
		{3AB7E159-BF7A-4A45-8DC9-B5DF325DFAE1}.Release|Any CPU.ActiveCfg = Release|Any CPU
		{3AB7E159-BF7A-4A45-8DC9-B5DF325DFAE1}.Release|Any CPU.Build.0 = Release|Any CPU
	EndGlobalSection
	GlobalSection(SolutionProperties) = preSolution
		HideSolutionNode = FALSE
	EndGlobalSection
	GlobalSection(ExtensibilityGlobals) = postSolution
		SolutionGuid = {C9B49BFD-7295-41B5-BB64-E0D2C97D533D}
	EndGlobalSection
EndGlobal
